// !$*UTF8*$!
{
	archiveVersion = 1;
	classes = {
	};
	objectVersion = 56;
	objects = {

/* Begin PBXBuildFile section */
		D74CC29A2BF8484300255399 /* EnergySaverIOS_v01App.swift in Sources */ = {isa = PBXBuildFile; fileRef = D74CC2992BF8484300255399 /* EnergySaverIOS_v01App.swift */; };
		D74CC29C2BF8484300255399 /* ContentView.swift in Sources */ = {isa = PBXBuildFile; fileRef = D74CC29B2BF8484300255399 /* ContentView.swift */; };
		D74CC2A02BF8484400255399 /* Assets.xcassets in Resources */ = {isa = PBXBuildFile; fileRef = D74CC29F2BF8484400255399 /* Assets.xcassets */; };
		D74CC2A32BF8484400255399 /* Preview Assets.xcassets in Resources */ = {isa = PBXBuildFile; fileRef = D74CC2A22BF8484400255399 /* Preview Assets.xcassets */; };
		D74CC2AB2BF8552600255399 /* IotDevice.swift in Sources */ = {isa = PBXBuildFile; fileRef = D74CC2A92BF8552600255399 /* IotDevice.swift */; };
		D74CC2B32BF8556600255399 /* BLEconnecting.swift in Sources */ = {isa = PBXBuildFile; fileRef = D74CC2B12BF8556600255399 /* BLEconnecting.swift */; };
		D74CC2B52BFC168D00255399 /* Indicator.swift in Sources */ = {isa = PBXBuildFile; fileRef = D74CC2B42BFC168D00255399 /* Indicator.swift */; };
		D74CC2B72BFC169E00255399 /* Switch.swift in Sources */ = {isa = PBXBuildFile; fileRef = D74CC2B62BFC169E00255399 /* Switch.swift */; };
		D74CC2B92BFC1F3800255399 /* Dashboard.swift in Sources */ = {isa = PBXBuildFile; fileRef = D74CC2B82BFC1F3800255399 /* Dashboard.swift */; };
		D74CC2BB2BFC27C700255399 /* DeviceRegister.swift in Sources */ = {isa = PBXBuildFile; fileRef = D74CC2BA2BFC27C700255399 /* DeviceRegister.swift */; };
		D74CC2BD2BFC394E00255399 /* BluetoothConnect.swift in Sources */ = {isa = PBXBuildFile; fileRef = D74CC2BC2BFC394E00255399 /* BluetoothConnect.swift */; };
/* End PBXBuildFile section */

/* Begin PBXFileReference section */
		D74CC2962BF8484300255399 /* EnergySaverIOS_v01.app */ = {isa = PBXFileReference; explicitFileType = wrapper.application; includeInIndex = 0; path = EnergySaverIOS_v01.app; sourceTree = BUILT_PRODUCTS_DIR; };
		D74CC2992BF8484300255399 /* EnergySaverIOS_v01App.swift */ = {isa = PBXFileReference; lastKnownFileType = sourcecode.swift; path = EnergySaverIOS_v01App.swift; sourceTree = "<group>"; };
		D74CC29B2BF8484300255399 /* ContentView.swift */ = {isa = PBXFileReference; lastKnownFileType = sourcecode.swift; path = ContentView.swift; sourceTree = "<group>"; };
		D74CC29F2BF8484400255399 /* Assets.xcassets */ = {isa = PBXFileReference; lastKnownFileType = folder.assetcatalog; path = Assets.xcassets; sourceTree = "<group>"; };
		D74CC2A22BF8484400255399 /* Preview Assets.xcassets */ = {isa = PBXFileReference; lastKnownFileType = folder.assetcatalog; path = "Preview Assets.xcassets"; sourceTree = "<group>"; };
		D74CC2A92BF8552600255399 /* IotDevice.swift */ = {isa = PBXFileReference; fileEncoding = 4; lastKnownFileType = sourcecode.swift; path = IotDevice.swift; sourceTree = "<group>"; };
		D74CC2B12BF8556600255399 /* BLEconnecting.swift */ = {isa = PBXFileReference; fileEncoding = 4; lastKnownFileType = sourcecode.swift; path = BLEconnecting.swift; sourceTree = "<group>"; };
		D74CC2B42BFC168D00255399 /* Indicator.swift */ = {isa = PBXFileReference; lastKnownFileType = sourcecode.swift; path = Indicator.swift; sourceTree = "<group>"; };
		D74CC2B62BFC169E00255399 /* Switch.swift */ = {isa = PBXFileReference; lastKnownFileType = sourcecode.swift; path = Switch.swift; sourceTree = "<group>"; };
		D74CC2B82BFC1F3800255399 /* Dashboard.swift */ = {isa = PBXFileReference; lastKnownFileType = sourcecode.swift; path = Dashboard.swift; sourceTree = "<group>"; };
		D74CC2BA2BFC27C700255399 /* DeviceRegister.swift */ = {isa = PBXFileReference; lastKnownFileType = sourcecode.swift; path = DeviceRegister.swift; sourceTree = "<group>"; };
		D74CC2BC2BFC394E00255399 /* BluetoothConnect.swift */ = {isa = PBXFileReference; lastKnownFileType = sourcecode.swift; path = BluetoothConnect.swift; sourceTree = "<group>"; };
/* End PBXFileReference section */

/* Begin PBXFrameworksBuildPhase section */
		D74CC2932BF8484300255399 /* Frameworks */ = {
			isa = PBXFrameworksBuildPhase;
			buildActionMask = 2147483647;
			files = (
			);
			runOnlyForDeploymentPostprocessing = 0;
		};
/* End PBXFrameworksBuildPhase section */

/* Begin PBXGroup section */
		D74CC28D2BF8484300255399 = {
			isa = PBXGroup;
			children = (
				D74CC2982BF8484300255399 /* EnergySaverIOS_v01 */,
				D74CC2972BF8484300255399 /* Products */,
			);
			sourceTree = "<group>";
		};
		D74CC2972BF8484300255399 /* Products */ = {
			isa = PBXGroup;
			children = (
				D74CC2962BF8484300255399 /* EnergySaverIOS_v01.app */,
			);
			name = Products;
			sourceTree = "<group>";
		};
		D74CC2982BF8484300255399 /* EnergySaverIOS_v01 */ = {
			isa = PBXGroup;
			children = (
				D74CC2992BF8484300255399 /* EnergySaverIOS_v01App.swift */,
				D74CC29B2BF8484300255399 /* ContentView.swift */,
				D74CC2AA2BF8552600255399 /* Model */,
				D74CC2AF2BF8554200255399 /* View */,
				D74CC2B22BF8556600255399 /* ViewModel */,
				D74CC29F2BF8484400255399 /* Assets.xcassets */,
				D74CC2A12BF8484400255399 /* Preview Content */,
			);
			path = EnergySaverIOS_v01;
			sourceTree = "<group>";
		};
		D74CC2A12BF8484400255399 /* Preview Content */ = {
			isa = PBXGroup;
			children = (
				D74CC2A22BF8484400255399 /* Preview Assets.xcassets */,
			);
			path = "Preview Content";
			sourceTree = "<group>";
		};
		D74CC2AA2BF8552600255399 /* Model */ = {
			isa = PBXGroup;
			children = (
				D74CC2A92BF8552600255399 /* IotDevice.swift */,
			);
			path = Model;
			sourceTree = "<group>";
		};
		D74CC2AC2BF8554200255399 /* Dashboard */ = {
			isa = PBXGroup;
			children = (
				D74CC2B82BFC1F3800255399 /* Dashboard.swift */,
				D74CC2B42BFC168D00255399 /* Indicator.swift */,
				D74CC2B62BFC169E00255399 /* Switch.swift */,
			);
			path = Dashboard;
			sourceTree = "<group>";
		};
		D74CC2AD2BF8554200255399 /* Setting */ = {
			isa = PBXGroup;
			children = (
				D74CC2BA2BFC27C700255399 /* DeviceRegister.swift */,
				D74CC2BC2BFC394E00255399 /* BluetoothConnect.swift */,
			);
			path = Setting;
			sourceTree = "<group>";
		};
		D74CC2AF2BF8554200255399 /* View */ = {
			isa = PBXGroup;
			children = (
				D74CC2AC2BF8554200255399 /* Dashboard */,
				D74CC2AD2BF8554200255399 /* Setting */,
			);
			path = View;
			sourceTree = "<group>";
		};
		D74CC2B22BF8556600255399 /* ViewModel */ = {
			isa = PBXGroup;
			children = (
				D74CC2B12BF8556600255399 /* BLEconnecting.swift */,
			);
			path = ViewModel;
			sourceTree = "<group>";
		};
/* End PBXGroup section */

/* Begin PBXNativeTarget section */
		D74CC2952BF8484300255399 /* EnergySaverIOS_v01 */ = {
			isa = PBXNativeTarget;
			buildConfigurationList = D74CC2A62BF8484400255399 /* Build configuration list for PBXNativeTarget "EnergySaverIOS_v01" */;
			buildPhases = (
				D74CC2922BF8484300255399 /* Sources */,
				D74CC2932BF8484300255399 /* Frameworks */,
				D74CC2942BF8484300255399 /* Resources */,
			);
			buildRules = (
			);
			dependencies = (
			);
			name = EnergySaverIOS_v01;
			productName = EnergySaverIOS_v01;
			productReference = D74CC2962BF8484300255399 /* EnergySaverIOS_v01.app */;
			productType = "com.apple.product-type.application";
		};
/* End PBXNativeTarget section */

/* Begin PBXProject section */
		D74CC28E2BF8484300255399 /* Project object */ = {
			isa = PBXProject;
			attributes = {
				BuildIndependentTargetsInParallel = 1;
				LastSwiftUpdateCheck = 1530;
				LastUpgradeCheck = 1530;
				TargetAttributes = {
					D74CC2952BF8484300255399 = {
						CreatedOnToolsVersion = 15.3;
					};
				};
			};
			buildConfigurationList = D74CC2912BF8484300255399 /* Build configuration list for PBXProject "EnergySaverIOS_v01" */;
			compatibilityVersion = "Xcode 14.0";
			developmentRegion = en;
			hasScannedForEncodings = 0;
			knownRegions = (
				en,
				Base,
			);
			mainGroup = D74CC28D2BF8484300255399;
			productRefGroup = D74CC2972BF8484300255399 /* Products */;
			projectDirPath = "";
			projectRoot = "";
			targets = (
				D74CC2952BF8484300255399 /* EnergySaverIOS_v01 */,
			);
		};
/* End PBXProject section */

/* Begin PBXResourcesBuildPhase section */
		D74CC2942BF8484300255399 /* Resources */ = {
			isa = PBXResourcesBuildPhase;
			buildActionMask = 2147483647;
			files = (
				D74CC2A32BF8484400255399 /* Preview Assets.xcassets in Resources */,
				D74CC2A02BF8484400255399 /* Assets.xcassets in Resources */,
			);
			runOnlyForDeploymentPostprocessing = 0;
		};
/* End PBXResourcesBuildPhase section */

/* Begin PBXSourcesBuildPhase section */
		D74CC2922BF8484300255399 /* Sources */ = {
			isa = PBXSourcesBuildPhase;
			buildActionMask = 2147483647;
			files = (
				D74CC2AB2BF8552600255399 /* IotDevice.swift in Sources */,
				D74CC2B32BF8556600255399 /* BLEconnecting.swift in Sources */,
				D74CC29C2BF8484300255399 /* ContentView.swift in Sources */,
				D74CC2B72BFC169E00255399 /* Switch.swift in Sources */,
				D74CC2B52BFC168D00255399 /* Indicator.swift in Sources */,
				D74CC2BD2BFC394E00255399 /* BluetoothConnect.swift in Sources */,
				D74CC2B92BFC1F3800255399 /* Dashboard.swift in Sources */,
				D74CC2BB2BFC27C700255399 /* DeviceRegister.swift in Sources */,
				D74CC29A2BF8484300255399 /* EnergySaverIOS_v01App.swift in Sources */,
			);
			runOnlyForDeploymentPostprocessing = 0;
		};
/* End PBXSourcesBuildPhase section */

/* Begin XCBuildConfiguration section */
		D74CC2A42BF8484400255399 /* Debug */ = {
			isa = XCBuildConfiguration;
			buildSettings = {
				ALWAYS_SEARCH_USER_PATHS = NO;
				ASSETCATALOG_COMPILER_GENERATE_SWIFT_ASSET_SYMBOL_EXTENSIONS = YES;
				CLANG_ANALYZER_NONNULL = YES;
				CLANG_ANALYZER_NUMBER_OBJECT_CONVERSION = YES_AGGRESSIVE;
				CLANG_CXX_LANGUAGE_STANDARD = "gnu++20";
				CLANG_ENABLE_MODULES = YES;
				CLANG_ENABLE_OBJC_ARC = YES;
				CLANG_ENABLE_OBJC_WEAK = YES;
				CLANG_WARN_BLOCK_CAPTURE_AUTORELEASING = YES;
				CLANG_WARN_BOOL_CONVERSION = YES;
				CLANG_WARN_COMMA = YES;
				CLANG_WARN_CONSTANT_CONVERSION = YES;
				CLANG_WARN_DEPRECATED_OBJC_IMPLEMENTATIONS = YES;
				CLANG_WARN_DIRECT_OBJC_ISA_USAGE = YES_ERROR;
				CLANG_WARN_DOCUMENTATION_COMMENTS = YES;
				CLANG_WARN_EMPTY_BODY = YES;
				CLANG_WARN_ENUM_CONVERSION = YES;
				CLANG_WARN_INFINITE_RECURSION = YES;
				CLANG_WARN_INT_CONVERSION = YES;
				CLANG_WARN_NON_LITERAL_NULL_CONVERSION = YES;
				CLANG_WARN_OBJC_IMPLICIT_RETAIN_SELF = YES;
				CLANG_WARN_OBJC_LITERAL_CONVERSION = YES;
				CLANG_WARN_OBJC_ROOT_CLASS = YES_ERROR;
				CLANG_WARN_QUOTED_INCLUDE_IN_FRAMEWORK_HEADER = YES;
				CLANG_WARN_RANGE_LOOP_ANALYSIS = YES;
				CLANG_WARN_STRICT_PROTOTYPES = YES;
				CLANG_WARN_SUSPICIOUS_MOVE = YES;
				CLANG_WARN_UNGUARDED_AVAILABILITY = YES_AGGRESSIVE;
				CLANG_WARN_UNREACHABLE_CODE = YES;
				CLANG_WARN__DUPLICATE_METHOD_MATCH = YES;
				COPY_PHASE_STRIP = NO;
				DEBUG_INFORMATION_FORMAT = dwarf;
				ENABLE_STRICT_OBJC_MSGSEND = YES;
				ENABLE_TESTABILITY = YES;
				ENABLE_USER_SCRIPT_SANDBOXING = YES;
				GCC_C_LANGUAGE_STANDARD = gnu17;
				GCC_DYNAMIC_NO_PIC = NO;
				GCC_NO_COMMON_BLOCKS = YES;
				GCC_OPTIMIZATION_LEVEL = 0;
				GCC_PREPROCESSOR_DEFINITIONS = (
					"DEBUG=1",
					"$(inherited)",
				);
				GCC_WARN_64_TO_32_BIT_CONVERSION = YES;
				GCC_WARN_ABOUT_RETURN_TYPE = YES_ERROR;
				GCC_WARN_UNDECLARED_SELECTOR = YES;
				GCC_WARN_UNINITIALIZED_AUTOS = YES_AGGRESSIVE;
				GCC_WARN_UNUSED_FUNCTION = YES;
				GCC_WARN_UNUSED_VARIABLE = YES;
				IPHONEOS_DEPLOYMENT_TARGET = 17.4;
				LOCALIZATION_PREFERS_STRING_CATALOGS = YES;
				MTL_ENABLE_DEBUG_INFO = INCLUDE_SOURCE;
				MTL_FAST_MATH = YES;
				ONLY_ACTIVE_ARCH = YES;
				SDKROOT = iphoneos;
				SWIFT_ACTIVE_COMPILATION_CONDITIONS = "DEBUG $(inherited)";
				SWIFT_OPTIMIZATION_LEVEL = "-Onone";
			};
			name = Debug;
		};
		D74CC2A52BF8484400255399 /* Release */ = {
			isa = XCBuildConfiguration;
			buildSettings = {
				ALWAYS_SEARCH_USER_PATHS = NO;
				ASSETCATALOG_COMPILER_GENERATE_SWIFT_ASSET_SYMBOL_EXTENSIONS = YES;
				CLANG_ANALYZER_NONNULL = YES;
				CLANG_ANALYZER_NUMBER_OBJECT_CONVERSION = YES_AGGRESSIVE;
				CLANG_CXX_LANGUAGE_STANDARD = "gnu++20";
				CLANG_ENABLE_MODULES = YES;
				CLANG_ENABLE_OBJC_ARC = YES;
				CLANG_ENABLE_OBJC_WEAK = YES;
				CLANG_WARN_BLOCK_CAPTURE_AUTORELEASING = YES;
				CLANG_WARN_BOOL_CONVERSION = YES;
				CLANG_WARN_COMMA = YES;
				CLANG_WARN_CONSTANT_CONVERSION = YES;
				CLANG_WARN_DEPRECATED_OBJC_IMPLEMENTATIONS = YES;
				CLANG_WARN_DIRECT_OBJC_ISA_USAGE = YES_ERROR;
				CLANG_WARN_DOCUMENTATION_COMMENTS = YES;
				CLANG_WARN_EMPTY_BODY = YES;
				CLANG_WARN_ENUM_CONVERSION = YES;
				CLANG_WARN_INFINITE_RECURSION = YES;
				CLANG_WARN_INT_CONVERSION = YES;
				CLANG_WARN_NON_LITERAL_NULL_CONVERSION = YES;
				CLANG_WARN_OBJC_IMPLICIT_RETAIN_SELF = YES;
				CLANG_WARN_OBJC_LITERAL_CONVERSION = YES;
				CLANG_WARN_OBJC_ROOT_CLASS = YES_ERROR;
				CLANG_WARN_QUOTED_INCLUDE_IN_FRAMEWORK_HEADER = YES;
				CLANG_WARN_RANGE_LOOP_ANALYSIS = YES;
				CLANG_WARN_STRICT_PROTOTYPES = YES;
				CLANG_WARN_SUSPICIOUS_MOVE = YES;
				CLANG_WARN_UNGUARDED_AVAILABILITY = YES_AGGRESSIVE;
				CLANG_WARN_UNREACHABLE_CODE = YES;
				CLANG_WARN__DUPLICATE_METHOD_MATCH = YES;
				COPY_PHASE_STRIP = NO;
				DEBUG_INFORMATION_FORMAT = "dwarf-with-dsym";
				ENABLE_NS_ASSERTIONS = NO;
				ENABLE_STRICT_OBJC_MSGSEND = YES;
				ENABLE_USER_SCRIPT_SANDBOXING = YES;
				GCC_C_LANGUAGE_STANDARD = gnu17;
				GCC_NO_COMMON_BLOCKS = YES;
				GCC_WARN_64_TO_32_BIT_CONVERSION = YES;
				GCC_WARN_ABOUT_RETURN_TYPE = YES_ERROR;
				GCC_WARN_UNDECLARED_SELECTOR = YES;
				GCC_WARN_UNINITIALIZED_AUTOS = YES_AGGRESSIVE;
				GCC_WARN_UNUSED_FUNCTION = YES;
				GCC_WARN_UNUSED_VARIABLE = YES;
				IPHONEOS_DEPLOYMENT_TARGET = 17.4;
				LOCALIZATION_PREFERS_STRING_CATALOGS = YES;
				MTL_ENABLE_DEBUG_INFO = NO;
				MTL_FAST_MATH = YES;
				SDKROOT = iphoneos;
				SWIFT_COMPILATION_MODE = wholemodule;
				VALIDATE_PRODUCT = YES;
			};
			name = Release;
		};
		D74CC2A72BF8484400255399 /* Debug */ = {
			isa = XCBuildConfiguration;
			buildSettings = {
				ASSETCATALOG_COMPILER_APPICON_NAME = AppIcon;
				ASSETCATALOG_COMPILER_GLOBAL_ACCENT_COLOR_NAME = AccentColor;
				CODE_SIGN_STYLE = Automatic;
				CURRENT_PROJECT_VERSION = 1;
				DEVELOPMENT_ASSET_PATHS = "\"EnergySaverIOS_v01/Preview Content\"";
				DEVELOPMENT_TEAM = QBLV728NV6;
				ENABLE_PREVIEWS = YES;
				GENERATE_INFOPLIST_FILE = YES;
				INFOPLIST_KEY_UIApplicationSceneManifest_Generation = YES;
				INFOPLIST_KEY_UIApplicationSupportsIndirectInputEvents = YES;
				INFOPLIST_KEY_UILaunchScreen_Generation = YES;
				INFOPLIST_KEY_UISupportedInterfaceOrientations_iPad = "UIInterfaceOrientationPortrait UIInterfaceOrientationPortraitUpsideDown UIInterfaceOrientationLandscapeLeft UIInterfaceOrientationLandscapeRight";
				INFOPLIST_KEY_UISupportedInterfaceOrientations_iPhone = "UIInterfaceOrientationPortrait UIInterfaceOrientationLandscapeLeft UIInterfaceOrientationLandscapeRight";
				LD_RUNPATH_SEARCH_PATHS = (
					"$(inherited)",
					"@executable_path/Frameworks",
				);
				MARKETING_VERSION = 1.0;
				PRODUCT_BUNDLE_IDENTIFIER = "taeyoon.EnergySaverIOS-v01";
				PRODUCT_NAME = "$(TARGET_NAME)";
				SWIFT_EMIT_LOC_STRINGS = YES;
				SWIFT_VERSION = 5.0;
				TARGETED_DEVICE_FAMILY = "1,2";
			};
			name = Debug;
		};
		D74CC2A82BF8484400255399 /* Release */ = {
			isa = XCBuildConfiguration;
			buildSettings = {
				ASSETCATALOG_COMPILER_APPICON_NAME = AppIcon;
				ASSETCATALOG_COMPILER_GLOBAL_ACCENT_COLOR_NAME = AccentColor;
				CODE_SIGN_STYLE = Automatic;
				CURRENT_PROJECT_VERSION = 1;
				DEVELOPMENT_ASSET_PATHS = "\"EnergySaverIOS_v01/Preview Content\"";
				DEVELOPMENT_TEAM = QBLV728NV6;
				ENABLE_PREVIEWS = YES;
				GENERATE_INFOPLIST_FILE = YES;
				INFOPLIST_KEY_UIApplicationSceneManifest_Generation = YES;
				INFOPLIST_KEY_UIApplicationSupportsIndirectInputEvents = YES;
				INFOPLIST_KEY_UILaunchScreen_Generation = YES;
				INFOPLIST_KEY_UISupportedInterfaceOrientations_iPad = "UIInterfaceOrientationPortrait UIInterfaceOrientationPortraitUpsideDown UIInterfaceOrientationLandscapeLeft UIInterfaceOrientationLandscapeRight";
				INFOPLIST_KEY_UISupportedInterfaceOrientations_iPhone = "UIInterfaceOrientationPortrait UIInterfaceOrientationLandscapeLeft UIInterfaceOrientationLandscapeRight";
				LD_RUNPATH_SEARCH_PATHS = (
					"$(inherited)",
					"@executable_path/Frameworks",
				);
				MARKETING_VERSION = 1.0;
				PRODUCT_BUNDLE_IDENTIFIER = "taeyoon.EnergySaverIOS-v01";
				PRODUCT_NAME = "$(TARGET_NAME)";
				SWIFT_EMIT_LOC_STRINGS = YES;
				SWIFT_VERSION = 5.0;
				TARGETED_DEVICE_FAMILY = "1,2";
			};
			name = Release;
		};
/* End XCBuildConfiguration section */

/* Begin XCConfigurationList section */
		D74CC2912BF8484300255399 /* Build configuration list for PBXProject "EnergySaverIOS_v01" */ = {
			isa = XCConfigurationList;
			buildConfigurations = (
				D74CC2A42BF8484400255399 /* Debug */,
				D74CC2A52BF8484400255399 /* Release */,
			);
			defaultConfigurationIsVisible = 0;
			defaultConfigurationName = Release;
		};
		D74CC2A62BF8484400255399 /* Build configuration list for PBXNativeTarget "EnergySaverIOS_v01" */ = {
			isa = XCConfigurationList;
			buildConfigurations = (
				D74CC2A72BF8484400255399 /* Debug */,
				D74CC2A82BF8484400255399 /* Release */,
			);
			defaultConfigurationIsVisible = 0;
			defaultConfigurationName = Release;
		};
/* End XCConfigurationList section */
	};
	rootObject = D74CC28E2BF8484300255399 /* Project object */;
}
